// !$*UTF8*$!
{
	archiveVersion = 1;
	classes = {
	};
	objectVersion = 48;
	objects = {

/* Begin PBXBuildFile section */
		6158D2F1206A882F001EBEC8 /* String+Extension.swift in Sources */ = {isa = PBXBuildFile; fileRef = 6158D2F0206A882F001EBEC8 /* String+Extension.swift */; };
		6158D2F4206A895F001EBEC8 /* UIButton+Extension.swift in Sources */ = {isa = PBXBuildFile; fileRef = 6158D2F3206A895F001EBEC8 /* UIButton+Extension.swift */; };
		6158D2F7206A89A7001EBEC8 /* UILabel+Extension.swift in Sources */ = {isa = PBXBuildFile; fileRef = 6158D2F6206A89A7001EBEC8 /* UILabel+Extension.swift */; };
		6158D2FA206A8A11001EBEC8 /* UITextField+Extension.swift in Sources */ = {isa = PBXBuildFile; fileRef = 6158D2F9206A8A11001EBEC8 /* UITextField+Extension.swift */; };
		6158D2FD206A8A69001EBEC8 /* UIViewController+Extenstion.swift in Sources */ = {isa = PBXBuildFile; fileRef = 6158D2FC206A8A69001EBEC8 /* UIViewController+Extenstion.swift */; };
		6158D2FF206A8DE7001EBEC8 /* String+Validate.swift in Sources */ = {isa = PBXBuildFile; fileRef = 6158D2FE206A8DE7001EBEC8 /* String+Validate.swift */; };
		6158D302206A8F3B001EBEC8 /* UIScrollView+Extension.swift in Sources */ = {isa = PBXBuildFile; fileRef = 6158D301206A8F3B001EBEC8 /* UIScrollView+Extension.swift */; };
		6158D305206A907E001EBEC8 /* UIView+Animation.swift in Sources */ = {isa = PBXBuildFile; fileRef = 6158D304206A907E001EBEC8 /* UIView+Animation.swift */; };
		615BEAA020566FAA00B6AA46 /* AppDelegate.swift in Sources */ = {isa = PBXBuildFile; fileRef = 615BEA9F20566FAA00B6AA46 /* AppDelegate.swift */; };
		615BEAA220566FAA00B6AA46 /* ViewController.swift in Sources */ = {isa = PBXBuildFile; fileRef = 615BEAA120566FAA00B6AA46 /* ViewController.swift */; };
		615BEAA520566FAA00B6AA46 /* Main.storyboard in Resources */ = {isa = PBXBuildFile; fileRef = 615BEAA320566FAA00B6AA46 /* Main.storyboard */; };
		615BEAA720566FAA00B6AA46 /* Assets.xcassets in Resources */ = {isa = PBXBuildFile; fileRef = 615BEAA620566FAA00B6AA46 /* Assets.xcassets */; };
		615BEAAA20566FAA00B6AA46 /* LaunchScreen.storyboard in Resources */ = {isa = PBXBuildFile; fileRef = 615BEAA820566FAA00B6AA46 /* LaunchScreen.storyboard */; };
		615BEAB42056702900B6AA46 /* main.swift in Sources */ = {isa = PBXBuildFile; fileRef = 615BEAB32056702900B6AA46 /* main.swift */; };
		615BEAB62056720900B6AA46 /* APPController.swift in Sources */ = {isa = PBXBuildFile; fileRef = 615BEAB52056720900B6AA46 /* APPController.swift */; };
		615BEAB920567A1A00B6AA46 /* KATRouter.swift in Sources */ = {isa = PBXBuildFile; fileRef = 615BEAB820567A1A00B6AA46 /* KATRouter.swift */; };
		615BEABB2057594300B6AA46 /* KATNavTransition.swift in Sources */ = {isa = PBXBuildFile; fileRef = 615BEABA2057594200B6AA46 /* KATNavTransition.swift */; };
		61862DE02057600C0003CBE0 /* KATMacros.swift in Sources */ = {isa = PBXBuildFile; fileRef = 61862DDF2057600C0003CBE0 /* KATMacros.swift */; };
		851DF127208471DF00BAA87C /* KATMath.swift in Sources */ = {isa = PBXBuildFile; fileRef = 851DF126208471DF00BAA87C /* KATMath.swift */; };
		854E5E5F205B5C8900D2B2F4 /* KATRouterRootVC.swift in Sources */ = {isa = PBXBuildFile; fileRef = 854E5E5E205B5C8900D2B2F4 /* KATRouterRootVC.swift */; };
		854FB8DF20721DC900061F24 /* Images.xcassets in Resources */ = {isa = PBXBuildFile; fileRef = 854FB8DE20721DC900061F24 /* Images.xcassets */; };
		854FB8E12072238200061F24 /* String+Slices.swift in Sources */ = {isa = PBXBuildFile; fileRef = 854FB8E02072238200061F24 /* String+Slices.swift */; };
		854FB8E42072285D00061F24 /* NSObject+Extension.swift in Sources */ = {isa = PBXBuildFile; fileRef = 854FB8E32072285D00061F24 /* NSObject+Extension.swift */; };
		854FB8E62073110700061F24 /* KATURIParser.swift in Sources */ = {isa = PBXBuildFile; fileRef = 854FB8E52073110700061F24 /* KATURIParser.swift */; };
		859035772063462900B61275 /* KATAppUtil.swift in Sources */ = {isa = PBXBuildFile; fileRef = 859035762063462900B61275 /* KATAppUtil.swift */; };
		859035792063B3F600B61275 /* KATSwizzle.swift in Sources */ = {isa = PBXBuildFile; fileRef = 859035782063B3F600B61275 /* KATSwizzle.swift */; };
		8590357B2063B47900B61275 /* UIViewController+Extension.swift in Sources */ = {isa = PBXBuildFile; fileRef = 8590357A2063B47900B61275 /* UIViewController+Extension.swift */; };
		8590357D2064CE7000B61275 /* KATHashMap.swift in Sources */ = {isa = PBXBuildFile; fileRef = 8590357C2064CE7000B61275 /* KATHashMap.swift */; };
		8590357F20650E3900B61275 /* SecondViewController.swift in Sources */ = {isa = PBXBuildFile; fileRef = 8590357E20650E3900B61275 /* SecondViewController.swift */; };
		859035A62068C81600B61275 /* KATLock.swift in Sources */ = {isa = PBXBuildFile; fileRef = 859035A52068C81600B61275 /* KATLock.swift */; };
		859035AB2068EF6400B61275 /* KATAspects.swift in Sources */ = {isa = PBXBuildFile; fileRef = 859035AA2068EF6400B61275 /* KATAspects.swift */; };
		85A31C14206B3CA800D66CBF /* DKArray.swift in Sources */ = {isa = PBXBuildFile; fileRef = 85A31C13206B3CA800D66CBF /* DKArray.swift */; };
		85A77B262074D69400CC2DB5 /* KATSprite.swift in Sources */ = {isa = PBXBuildFile; fileRef = 85A77B252074D69400CC2DB5 /* KATSprite.swift */; };
		85BC79D8206A3E5500E7436D /* UIImage+Extension.swift in Sources */ = {isa = PBXBuildFile; fileRef = 85BC79D7206A3E5500E7436D /* UIImage+Extension.swift */; };
		85E79AA0206CF1A9007D378B /* UIView+BlockGesture.swift in Sources */ = {isa = PBXBuildFile; fileRef = 85E79A9F206CF1A9007D378B /* UIView+BlockGesture.swift */; };
/* End PBXBuildFile section */

/* Begin PBXFileReference section */
		6158D2F0206A882F001EBEC8 /* String+Extension.swift */ = {isa = PBXFileReference; lastKnownFileType = sourcecode.swift; path = "String+Extension.swift"; sourceTree = "<group>"; };
		6158D2F3206A895F001EBEC8 /* UIButton+Extension.swift */ = {isa = PBXFileReference; lastKnownFileType = sourcecode.swift; path = "UIButton+Extension.swift"; sourceTree = "<group>"; };
		6158D2F6206A89A7001EBEC8 /* UILabel+Extension.swift */ = {isa = PBXFileReference; lastKnownFileType = sourcecode.swift; path = "UILabel+Extension.swift"; sourceTree = "<group>"; };
		6158D2F9206A8A11001EBEC8 /* UITextField+Extension.swift */ = {isa = PBXFileReference; lastKnownFileType = sourcecode.swift; path = "UITextField+Extension.swift"; sourceTree = "<group>"; };
		6158D2FC206A8A69001EBEC8 /* UIViewController+Extenstion.swift */ = {isa = PBXFileReference; lastKnownFileType = sourcecode.swift; path = "UIViewController+Extenstion.swift"; sourceTree = "<group>"; };
		6158D2FE206A8DE7001EBEC8 /* String+Validate.swift */ = {isa = PBXFileReference; lastKnownFileType = sourcecode.swift; path = "String+Validate.swift"; sourceTree = "<group>"; };
		6158D301206A8F3B001EBEC8 /* UIScrollView+Extension.swift */ = {isa = PBXFileReference; lastKnownFileType = sourcecode.swift; path = "UIScrollView+Extension.swift"; sourceTree = "<group>"; };
		6158D304206A907E001EBEC8 /* UIView+Animation.swift */ = {isa = PBXFileReference; lastKnownFileType = sourcecode.swift; path = "UIView+Animation.swift"; sourceTree = "<group>"; };
		615BEA9C20566FAA00B6AA46 /* SwiftRouter.app */ = {isa = PBXFileReference; explicitFileType = wrapper.application; includeInIndex = 0; path = SwiftRouter.app; sourceTree = BUILT_PRODUCTS_DIR; };
		615BEA9F20566FAA00B6AA46 /* AppDelegate.swift */ = {isa = PBXFileReference; lastKnownFileType = sourcecode.swift; path = AppDelegate.swift; sourceTree = "<group>"; };
		615BEAA120566FAA00B6AA46 /* ViewController.swift */ = {isa = PBXFileReference; lastKnownFileType = sourcecode.swift; path = ViewController.swift; sourceTree = "<group>"; };
		615BEAA420566FAA00B6AA46 /* Base */ = {isa = PBXFileReference; lastKnownFileType = file.storyboard; name = Base; path = Base.lproj/Main.storyboard; sourceTree = "<group>"; };
		615BEAA620566FAA00B6AA46 /* Assets.xcassets */ = {isa = PBXFileReference; lastKnownFileType = folder.assetcatalog; path = Assets.xcassets; sourceTree = "<group>"; };
		615BEAA920566FAA00B6AA46 /* Base */ = {isa = PBXFileReference; lastKnownFileType = file.storyboard; name = Base; path = Base.lproj/LaunchScreen.storyboard; sourceTree = "<group>"; };
		615BEAAB20566FAA00B6AA46 /* Info.plist */ = {isa = PBXFileReference; lastKnownFileType = text.plist.xml; path = Info.plist; sourceTree = "<group>"; };
		615BEAB32056702900B6AA46 /* main.swift */ = {isa = PBXFileReference; lastKnownFileType = sourcecode.swift; path = main.swift; sourceTree = "<group>"; };
		615BEAB52056720900B6AA46 /* APPController.swift */ = {isa = PBXFileReference; lastKnownFileType = sourcecode.swift; path = APPController.swift; sourceTree = "<group>"; };
		615BEAB820567A1A00B6AA46 /* KATRouter.swift */ = {isa = PBXFileReference; lastKnownFileType = sourcecode.swift; path = KATRouter.swift; sourceTree = "<group>"; };
		615BEABA2057594200B6AA46 /* KATNavTransition.swift */ = {isa = PBXFileReference; lastKnownFileType = sourcecode.swift; path = KATNavTransition.swift; sourceTree = "<group>"; };
		61862DDF2057600C0003CBE0 /* KATMacros.swift */ = {isa = PBXFileReference; lastKnownFileType = sourcecode.swift; path = KATMacros.swift; sourceTree = "<group>"; };
		851DF126208471DF00BAA87C /* KATMath.swift */ = {isa = PBXFileReference; lastKnownFileType = sourcecode.swift; path = KATMath.swift; sourceTree = "<group>"; };
		854E5E5E205B5C8900D2B2F4 /* KATRouterRootVC.swift */ = {isa = PBXFileReference; lastKnownFileType = sourcecode.swift; path = KATRouterRootVC.swift; sourceTree = "<group>"; };
		854FB8DE20721DC900061F24 /* Images.xcassets */ = {isa = PBXFileReference; lastKnownFileType = folder.assetcatalog; path = Images.xcassets; sourceTree = "<group>"; };
		854FB8E02072238200061F24 /* String+Slices.swift */ = {isa = PBXFileReference; lastKnownFileType = sourcecode.swift; path = "String+Slices.swift"; sourceTree = "<group>"; };
		854FB8E32072285D00061F24 /* NSObject+Extension.swift */ = {isa = PBXFileReference; lastKnownFileType = sourcecode.swift; path = "NSObject+Extension.swift"; sourceTree = "<group>"; };
		854FB8E52073110700061F24 /* KATURIParser.swift */ = {isa = PBXFileReference; lastKnownFileType = sourcecode.swift; path = KATURIParser.swift; sourceTree = "<group>"; };
		859035762063462900B61275 /* KATAppUtil.swift */ = {isa = PBXFileReference; lastKnownFileType = sourcecode.swift; path = KATAppUtil.swift; sourceTree = "<group>"; };
		859035782063B3F600B61275 /* KATSwizzle.swift */ = {isa = PBXFileReference; lastKnownFileType = sourcecode.swift; path = KATSwizzle.swift; sourceTree = "<group>"; };
		8590357A2063B47900B61275 /* UIViewController+Extension.swift */ = {isa = PBXFileReference; lastKnownFileType = sourcecode.swift; path = "UIViewController+Extension.swift"; sourceTree = "<group>"; };
		8590357C2064CE7000B61275 /* KATHashMap.swift */ = {isa = PBXFileReference; lastKnownFileType = sourcecode.swift; path = KATHashMap.swift; sourceTree = "<group>"; };
		8590357E20650E3900B61275 /* SecondViewController.swift */ = {isa = PBXFileReference; lastKnownFileType = sourcecode.swift; path = SecondViewController.swift; sourceTree = "<group>"; };
		859035A52068C81600B61275 /* KATLock.swift */ = {isa = PBXFileReference; lastKnownFileType = sourcecode.swift; path = KATLock.swift; sourceTree = "<group>"; };
		859035AA2068EF6400B61275 /* KATAspects.swift */ = {isa = PBXFileReference; lastKnownFileType = sourcecode.swift; path = KATAspects.swift; sourceTree = "<group>"; };
		85A31C13206B3CA800D66CBF /* DKArray.swift */ = {isa = PBXFileReference; lastKnownFileType = sourcecode.swift; path = DKArray.swift; sourceTree = "<group>"; };
		85A77B252074D69400CC2DB5 /* KATSprite.swift */ = {isa = PBXFileReference; lastKnownFileType = sourcecode.swift; path = KATSprite.swift; sourceTree = "<group>"; };
		85BC79D7206A3E5500E7436D /* UIImage+Extension.swift */ = {isa = PBXFileReference; lastKnownFileType = sourcecode.swift; path = "UIImage+Extension.swift"; sourceTree = "<group>"; };
		85E79A9F206CF1A9007D378B /* UIView+BlockGesture.swift */ = {isa = PBXFileReference; lastKnownFileType = sourcecode.swift; path = "UIView+BlockGesture.swift"; sourceTree = "<group>"; };
/* End PBXFileReference section */

/* Begin PBXFrameworksBuildPhase section */
		615BEA9920566FAA00B6AA46 /* Frameworks */ = {
			isa = PBXFrameworksBuildPhase;
			buildActionMask = 2147483647;
			files = (
			);
			runOnlyForDeploymentPostprocessing = 0;
		};
/* End PBXFrameworksBuildPhase section */

/* Begin PBXGroup section */
		6158D2EF206A8821001EBEC8 /* String+Extension */ = {
			isa = PBXGroup;
			children = (
				6158D2F0206A882F001EBEC8 /* String+Extension.swift */,
				6158D2FE206A8DE7001EBEC8 /* String+Validate.swift */,
				854FB8E02072238200061F24 /* String+Slices.swift */,
			);
			path = "String+Extension";
			sourceTree = "<group>";
		};
		6158D2F2206A8955001EBEC8 /* UIButton+Extension */ = {
			isa = PBXGroup;
			children = (
				6158D2F3206A895F001EBEC8 /* UIButton+Extension.swift */,
			);
			path = "UIButton+Extension";
			sourceTree = "<group>";
		};
		6158D2F5206A899C001EBEC8 /* UILabel+Extension */ = {
			isa = PBXGroup;
			children = (
				6158D2F6206A89A7001EBEC8 /* UILabel+Extension.swift */,
			);
			path = "UILabel+Extension";
			sourceTree = "<group>";
		};
		6158D2F8206A8A06001EBEC8 /* UITextField+Extension */ = {
			isa = PBXGroup;
			children = (
				6158D2F9206A8A11001EBEC8 /* UITextField+Extension.swift */,
			);
			path = "UITextField+Extension";
			sourceTree = "<group>";
		};
		6158D2FB206A8A5B001EBEC8 /* UIViewController+Extenstion */ = {
			isa = PBXGroup;
			children = (
				6158D2FC206A8A69001EBEC8 /* UIViewController+Extenstion.swift */,
			);
			path = "UIViewController+Extenstion";
			sourceTree = "<group>";
		};
		6158D300206A8F30001EBEC8 /* UIScrollView+Extension */ = {
			isa = PBXGroup;
			children = (
				6158D301206A8F3B001EBEC8 /* UIScrollView+Extension.swift */,
			);
			path = "UIScrollView+Extension";
			sourceTree = "<group>";
		};
		6158D303206A9067001EBEC8 /* UIView+Animation */ = {
			isa = PBXGroup;
			children = (
				6158D304206A907E001EBEC8 /* UIView+Animation.swift */,
			);
			path = "UIView+Animation";
			sourceTree = "<group>";
		};
		615BEA9320566FAA00B6AA46 = {
			isa = PBXGroup;
			children = (
				615BEA9E20566FAA00B6AA46 /* SwiftRouter */,
				615BEA9D20566FAA00B6AA46 /* Products */,
			);
			sourceTree = "<group>";
		};
		615BEA9D20566FAA00B6AA46 /* Products */ = {
			isa = PBXGroup;
			children = (
				615BEA9C20566FAA00B6AA46 /* SwiftRouter.app */,
			);
			name = Products;
			sourceTree = "<group>";
		};
		615BEA9E20566FAA00B6AA46 /* SwiftRouter */ = {
			isa = PBXGroup;
			children = (
				615BEAB720567A0700B6AA46 /* Router */,
				615BEA9F20566FAA00B6AA46 /* AppDelegate.swift */,
				615BEAA120566FAA00B6AA46 /* ViewController.swift */,
				8590357E20650E3900B61275 /* SecondViewController.swift */,
				8590357A2063B47900B61275 /* UIViewController+Extension.swift */,
				615BEAB32056702900B6AA46 /* main.swift */,
				615BEAB52056720900B6AA46 /* APPController.swift */,
				615BEAA320566FAA00B6AA46 /* Main.storyboard */,
				615BEAA620566FAA00B6AA46 /* Assets.xcassets */,
				615BEAA820566FAA00B6AA46 /* LaunchScreen.storyboard */,
				615BEAAB20566FAA00B6AA46 /* Info.plist */,
				854FB8DE20721DC900061F24 /* Images.xcassets */,
			);
			path = SwiftRouter;
			sourceTree = "<group>";
		};
		615BEAB720567A0700B6AA46 /* Router */ = {
			isa = PBXGroup;
			children = (
				85A77B242074D67C00CC2DB5 /* Animation */,
				85BC79D5206A3E0800E7436D /* Category */,
				859035752063461B00B61275 /* KATAppUtil */,
				856DC755205F498C00DB892B /* Struct */,
				61862DDF2057600C0003CBE0 /* KATMacros.swift */,
				615BEAB820567A1A00B6AA46 /* KATRouter.swift */,
				854FB8E52073110700061F24 /* KATURIParser.swift */,
				615BEABA2057594200B6AA46 /* KATNavTransition.swift */,
				854E5E5E205B5C8900D2B2F4 /* KATRouterRootVC.swift */,
			);
			path = Router;
			sourceTree = "<group>";
		};
		854FB8E22072284500061F24 /* NSObject+Extension */ = {
			isa = PBXGroup;
			children = (
				854FB8E32072285D00061F24 /* NSObject+Extension.swift */,
			);
			path = "NSObject+Extension";
			sourceTree = "<group>";
		};
		856DC755205F498C00DB892B /* Struct */ = {
			isa = PBXGroup;
			children = (
				8590357C2064CE7000B61275 /* KATHashMap.swift */,
				85A31C13206B3CA800D66CBF /* DKArray.swift */,
			);
			path = Struct;
			sourceTree = "<group>";
		};
		859035752063461B00B61275 /* KATAppUtil */ = {
			isa = PBXGroup;
			children = (
				859035762063462900B61275 /* KATAppUtil.swift */,
				851DF126208471DF00BAA87C /* KATMath.swift */,
				859035782063B3F600B61275 /* KATSwizzle.swift */,
				859035A52068C81600B61275 /* KATLock.swift */,
				859035AA2068EF6400B61275 /* KATAspects.swift */,
			);
			path = KATAppUtil;
			sourceTree = "<group>";
		};
		85A77B242074D67C00CC2DB5 /* Animation */ = {
			isa = PBXGroup;
			children = (
				85A77B252074D69400CC2DB5 /* KATSprite.swift */,
			);
			path = Animation;
			sourceTree = "<group>";
		};
		85BC79D5206A3E0800E7436D /* Category */ = {
			isa = PBXGroup;
			children = (
				854FB8E22072284500061F24 /* NSObject+Extension */,
				85E79A9E206CF170007D378B /* UIView+BlockGesture */,
				6158D303206A9067001EBEC8 /* UIView+Animation */,
				6158D300206A8F30001EBEC8 /* UIScrollView+Extension */,
				6158D2FB206A8A5B001EBEC8 /* UIViewController+Extenstion */,
				6158D2F8206A8A06001EBEC8 /* UITextField+Extension */,
				6158D2F5206A899C001EBEC8 /* UILabel+Extension */,
				6158D2F2206A8955001EBEC8 /* UIButton+Extension */,
				6158D2EF206A8821001EBEC8 /* String+Extension */,
				85BC79D6206A3E4B00E7436D /* UIImage+Extension */,
			);
			path = Category;
			sourceTree = "<group>";
		};
		85BC79D6206A3E4B00E7436D /* UIImage+Extension */ = {
			isa = PBXGroup;
			children = (
				85BC79D7206A3E5500E7436D /* UIImage+Extension.swift */,
			);
			path = "UIImage+Extension";
			sourceTree = "<group>";
		};
		85E79A9E206CF170007D378B /* UIView+BlockGesture */ = {
			isa = PBXGroup;
			children = (
				85E79A9F206CF1A9007D378B /* UIView+BlockGesture.swift */,
			);
			path = "UIView+BlockGesture";
			sourceTree = "<group>";
		};
/* End PBXGroup section */

/* Begin PBXNativeTarget section */
		615BEA9B20566FAA00B6AA46 /* SwiftRouter */ = {
			isa = PBXNativeTarget;
			buildConfigurationList = 615BEAAE20566FAA00B6AA46 /* Build configuration list for PBXNativeTarget "SwiftRouter" */;
			buildPhases = (
				615BEA9820566FAA00B6AA46 /* Sources */,
				615BEA9920566FAA00B6AA46 /* Frameworks */,
				615BEA9A20566FAA00B6AA46 /* Resources */,
			);
			buildRules = (
			);
			dependencies = (
			);
			name = SwiftRouter;
			productName = SwiftRouter;
			productReference = 615BEA9C20566FAA00B6AA46 /* SwiftRouter.app */;
			productType = "com.apple.product-type.application";
		};
/* End PBXNativeTarget section */

/* Begin PBXProject section */
		615BEA9420566FAA00B6AA46 /* Project object */ = {
			isa = PBXProject;
			attributes = {
				LastSwiftUpdateCheck = 0920;
				LastUpgradeCheck = 0920;
				ORGANIZATIONNAME = "吕陈强";
				TargetAttributes = {
					615BEA9B20566FAA00B6AA46 = {
						CreatedOnToolsVersion = 9.2;
						ProvisioningStyle = Automatic;
					};
				};
			};
			buildConfigurationList = 615BEA9720566FAA00B6AA46 /* Build configuration list for PBXProject "SwiftRouter" */;
			compatibilityVersion = "Xcode 8.0";
			developmentRegion = en;
			hasScannedForEncodings = 0;
			knownRegions = (
				en,
				Base,
			);
			mainGroup = 615BEA9320566FAA00B6AA46;
			productRefGroup = 615BEA9D20566FAA00B6AA46 /* Products */;
			projectDirPath = "";
			projectRoot = "";
			targets = (
				615BEA9B20566FAA00B6AA46 /* SwiftRouter */,
			);
		};
/* End PBXProject section */

/* Begin PBXResourcesBuildPhase section */
		615BEA9A20566FAA00B6AA46 /* Resources */ = {
			isa = PBXResourcesBuildPhase;
			buildActionMask = 2147483647;
			files = (
				615BEAAA20566FAA00B6AA46 /* LaunchScreen.storyboard in Resources */,
				854FB8DF20721DC900061F24 /* Images.xcassets in Resources */,
				615BEAA720566FAA00B6AA46 /* Assets.xcassets in Resources */,
				615BEAA520566FAA00B6AA46 /* Main.storyboard in Resources */,
			);
			runOnlyForDeploymentPostprocessing = 0;
		};
/* End PBXResourcesBuildPhase section */

/* Begin PBXSourcesBuildPhase section */
		615BEA9820566FAA00B6AA46 /* Sources */ = {
			isa = PBXSourcesBuildPhase;
			buildActionMask = 2147483647;
			files = (
				859035772063462900B61275 /* KATAppUtil.swift in Sources */,
				854FB8E12072238200061F24 /* String+Slices.swift in Sources */,
				8590357D2064CE7000B61275 /* KATHashMap.swift in Sources */,
				8590357B2063B47900B61275 /* UIViewController+Extension.swift in Sources */,
				859035792063B3F600B61275 /* KATSwizzle.swift in Sources */,
				615BEAA220566FAA00B6AA46 /* ViewController.swift in Sources */,
				6158D305206A907E001EBEC8 /* UIView+Animation.swift in Sources */,
				6158D302206A8F3B001EBEC8 /* UIScrollView+Extension.swift in Sources */,
				6158D2FA206A8A11001EBEC8 /* UITextField+Extension.swift in Sources */,
				851DF127208471DF00BAA87C /* KATMath.swift in Sources */,
				6158D2F4206A895F001EBEC8 /* UIButton+Extension.swift in Sources */,
				615BEAA020566FAA00B6AA46 /* AppDelegate.swift in Sources */,
				8590357F20650E3900B61275 /* SecondViewController.swift in Sources */,
				6158D2F7206A89A7001EBEC8 /* UILabel+Extension.swift in Sources */,
				615BEAB42056702900B6AA46 /* main.swift in Sources */,
				6158D2F1206A882F001EBEC8 /* String+Extension.swift in Sources */,
				615BEAB62056720900B6AA46 /* APPController.swift in Sources */,
				85A31C14206B3CA800D66CBF /* DKArray.swift in Sources */,
				615BEAB920567A1A00B6AA46 /* KATRouter.swift in Sources */,
				854FB8E62073110700061F24 /* KATURIParser.swift in Sources */,
				61862DE02057600C0003CBE0 /* KATMacros.swift in Sources */,
				85E79AA0206CF1A9007D378B /* UIView+BlockGesture.swift in Sources */,
				85A77B262074D69400CC2DB5 /* KATSprite.swift in Sources */,
				85BC79D8206A3E5500E7436D /* UIImage+Extension.swift in Sources */,
				859035A62068C81600B61275 /* KATLock.swift in Sources */,
				6158D2FD206A8A69001EBEC8 /* UIViewController+Extenstion.swift in Sources */,
				6158D2FF206A8DE7001EBEC8 /* String+Validate.swift in Sources */,
				854E5E5F205B5C8900D2B2F4 /* KATRouterRootVC.swift in Sources */,
				859035AB2068EF6400B61275 /* KATAspects.swift in Sources */,
				615BEABB2057594300B6AA46 /* KATNavTransition.swift in Sources */,
				854FB8E42072285D00061F24 /* NSObject+Extension.swift in Sources */,
			);
			runOnlyForDeploymentPostprocessing = 0;
		};
/* End PBXSourcesBuildPhase section */

/* Begin PBXVariantGroup section */
		615BEAA320566FAA00B6AA46 /* Main.storyboard */ = {
			isa = PBXVariantGroup;
			children = (
				615BEAA420566FAA00B6AA46 /* Base */,
			);
			name = Main.storyboard;
			sourceTree = "<group>";
		};
		615BEAA820566FAA00B6AA46 /* LaunchScreen.storyboard */ = {
			isa = PBXVariantGroup;
			children = (
				615BEAA920566FAA00B6AA46 /* Base */,
			);
			name = LaunchScreen.storyboard;
			sourceTree = "<group>";
		};
/* End PBXVariantGroup section */

/* Begin XCBuildConfiguration section */
		615BEAAC20566FAA00B6AA46 /* Debug */ = {
			isa = XCBuildConfiguration;
			buildSettings = {
				ALWAYS_SEARCH_USER_PATHS = NO;
				CLANG_ANALYZER_NONNULL = YES;
				CLANG_ANALYZER_NUMBER_OBJECT_CONVERSION = YES_AGGRESSIVE;
				CLANG_CXX_LANGUAGE_STANDARD = "gnu++14";
				CLANG_CXX_LIBRARY = "libc++";
				CLANG_ENABLE_MODULES = YES;
				CLANG_ENABLE_OBJC_ARC = YES;
				CLANG_WARN_BLOCK_CAPTURE_AUTORELEASING = YES;
				CLANG_WARN_BOOL_CONVERSION = YES;
				CLANG_WARN_COMMA = YES;
				CLANG_WARN_CONSTANT_CONVERSION = YES;
				CLANG_WARN_DIRECT_OBJC_ISA_USAGE = YES_ERROR;
				CLANG_WARN_DOCUMENTATION_COMMENTS = YES;
				CLANG_WARN_EMPTY_BODY = YES;
				CLANG_WARN_ENUM_CONVERSION = YES;
				CLANG_WARN_INFINITE_RECURSION = YES;
				CLANG_WARN_INT_CONVERSION = YES;
				CLANG_WARN_NON_LITERAL_NULL_CONVERSION = YES;
				CLANG_WARN_OBJC_LITERAL_CONVERSION = YES;
				CLANG_WARN_OBJC_ROOT_CLASS = YES_ERROR;
				CLANG_WARN_RANGE_LOOP_ANALYSIS = YES;
				CLANG_WARN_STRICT_PROTOTYPES = YES;
				CLANG_WARN_SUSPICIOUS_MOVE = YES;
				CLANG_WARN_UNGUARDED_AVAILABILITY = YES_AGGRESSIVE;
				CLANG_WARN_UNREACHABLE_CODE = YES;
				CLANG_WARN__DUPLICATE_METHOD_MATCH = YES;
				CODE_SIGN_IDENTITY = "iPhone Developer";
				COPY_PHASE_STRIP = NO;
				DEBUG_INFORMATION_FORMAT = dwarf;
				ENABLE_STRICT_OBJC_MSGSEND = YES;
				ENABLE_TESTABILITY = YES;
				GCC_C_LANGUAGE_STANDARD = gnu11;
				GCC_DYNAMIC_NO_PIC = NO;
				GCC_NO_COMMON_BLOCKS = YES;
				GCC_OPTIMIZATION_LEVEL = 0;
				GCC_PREPROCESSOR_DEFINITIONS = (
					"DEBUG=1",
					"$(inherited)",
				);
				GCC_WARN_64_TO_32_BIT_CONVERSION = YES;
				GCC_WARN_ABOUT_RETURN_TYPE = YES_ERROR;
				GCC_WARN_UNDECLARED_SELECTOR = YES;
				GCC_WARN_UNINITIALIZED_AUTOS = YES_AGGRESSIVE;
				GCC_WARN_UNUSED_FUNCTION = YES;
				GCC_WARN_UNUSED_VARIABLE = YES;
				IPHONEOS_DEPLOYMENT_TARGET = 11.2;
				MTL_ENABLE_DEBUG_INFO = YES;
				ONLY_ACTIVE_ARCH = YES;
				SDKROOT = iphoneos;
				SWIFT_ACTIVE_COMPILATION_CONDITIONS = DEBUG;
				SWIFT_OPTIMIZATION_LEVEL = "-Onone";
			};
			name = Debug;
		};
		615BEAAD20566FAA00B6AA46 /* Release */ = {
			isa = XCBuildConfiguration;
			buildSettings = {
				ALWAYS_SEARCH_USER_PATHS = NO;
				CLANG_ANALYZER_NONNULL = YES;
				CLANG_ANALYZER_NUMBER_OBJECT_CONVERSION = YES_AGGRESSIVE;
				CLANG_CXX_LANGUAGE_STANDARD = "gnu++14";
				CLANG_CXX_LIBRARY = "libc++";
				CLANG_ENABLE_MODULES = YES;
				CLANG_ENABLE_OBJC_ARC = YES;
				CLANG_WARN_BLOCK_CAPTURE_AUTORELEASING = YES;
				CLANG_WARN_BOOL_CONVERSION = YES;
				CLANG_WARN_COMMA = YES;
				CLANG_WARN_CONSTANT_CONVERSION = YES;
				CLANG_WARN_DIRECT_OBJC_ISA_USAGE = YES_ERROR;
				CLANG_WARN_DOCUMENTATION_COMMENTS = YES;
				CLANG_WARN_EMPTY_BODY = YES;
				CLANG_WARN_ENUM_CONVERSION = YES;
				CLANG_WARN_INFINITE_RECURSION = YES;
				CLANG_WARN_INT_CONVERSION = YES;
				CLANG_WARN_NON_LITERAL_NULL_CONVERSION = YES;
				CLANG_WARN_OBJC_LITERAL_CONVERSION = YES;
				CLANG_WARN_OBJC_ROOT_CLASS = YES_ERROR;
				CLANG_WARN_RANGE_LOOP_ANALYSIS = YES;
				CLANG_WARN_STRICT_PROTOTYPES = YES;
				CLANG_WARN_SUSPICIOUS_MOVE = YES;
				CLANG_WARN_UNGUARDED_AVAILABILITY = YES_AGGRESSIVE;
				CLANG_WARN_UNREACHABLE_CODE = YES;
				CLANG_WARN__DUPLICATE_METHOD_MATCH = YES;
				CODE_SIGN_IDENTITY = "iPhone Developer";
				COPY_PHASE_STRIP = NO;
				DEBUG_INFORMATION_FORMAT = "dwarf-with-dsym";
				ENABLE_NS_ASSERTIONS = NO;
				ENABLE_STRICT_OBJC_MSGSEND = YES;
				GCC_C_LANGUAGE_STANDARD = gnu11;
				GCC_NO_COMMON_BLOCKS = YES;
				GCC_WARN_64_TO_32_BIT_CONVERSION = YES;
				GCC_WARN_ABOUT_RETURN_TYPE = YES_ERROR;
				GCC_WARN_UNDECLARED_SELECTOR = YES;
				GCC_WARN_UNINITIALIZED_AUTOS = YES_AGGRESSIVE;
				GCC_WARN_UNUSED_FUNCTION = YES;
				GCC_WARN_UNUSED_VARIABLE = YES;
				IPHONEOS_DEPLOYMENT_TARGET = 11.2;
				MTL_ENABLE_DEBUG_INFO = NO;
				SDKROOT = iphoneos;
				SWIFT_OPTIMIZATION_LEVEL = "-Owholemodule";
				VALIDATE_PRODUCT = YES;
			};
			name = Release;
		};
		615BEAAF20566FAA00B6AA46 /* Debug */ = {
			isa = XCBuildConfiguration;
			buildSettings = {
				ASSETCATALOG_COMPILER_APPICON_NAME = AppIcon;
				ASSETCATALOG_COMPILER_LAUNCHIMAGE_NAME = LaunchImage;
				CODE_SIGN_IDENTITY = "iPhone Developer";
				CODE_SIGN_STYLE = Automatic;
				DEVELOPMENT_TEAM = 9WX39V6Z4U;
				ENABLE_BITCODE = YES;
				INFOPLIST_FILE = SwiftRouter/Info.plist;
				IPHONEOS_DEPLOYMENT_TARGET = 8.0;
				LD_RUNPATH_SEARCH_PATHS = "$(inherited) @executable_path/Frameworks";
				PRODUCT_BUNDLE_IDENTIFIER = com.diandu.SwiftRouter1;
				PRODUCT_NAME = "$(TARGET_NAME)";
				PROVISIONING_PROFILE_SPECIFIER = "";
				SWIFT_VERSION = 4.0;
				TARGETED_DEVICE_FAMILY = "1,2";
			};
			name = Debug;
		};
		615BEAB020566FAA00B6AA46 /* Release */ = {
			isa = XCBuildConfiguration;
			buildSettings = {
				ASSETCATALOG_COMPILER_APPICON_NAME = AppIcon;
				ASSETCATALOG_COMPILER_LAUNCHIMAGE_NAME = LaunchImage;
				CODE_SIGN_IDENTITY = "iPhone Developer";
				CODE_SIGN_STYLE = Automatic;
				DEVELOPMENT_TEAM = 9WX39V6Z4U;
				ENABLE_BITCODE = YES;
				INFOPLIST_FILE = SwiftRouter/Info.plist;
				IPHONEOS_DEPLOYMENT_TARGET = 8.0;
				LD_RUNPATH_SEARCH_PATHS = "$(inherited) @executable_path/Frameworks";
				PRODUCT_BUNDLE_IDENTIFIER = com.diandu.SwiftRouter1;
				PRODUCT_NAME = "$(TARGET_NAME)";
				PROVISIONING_PROFILE_SPECIFIER = "";
				SWIFT_VERSION = 4.0;
				TARGETED_DEVICE_FAMILY = "1,2";
			};
			name = Release;
		};
/* End XCBuildConfiguration section */

/* Begin XCConfigurationList section */
		615BEA9720566FAA00B6AA46 /* Build configuration list for PBXProject "SwiftRouter" */ = {
			isa = XCConfigurationList;
			buildConfigurations = (
				615BEAAC20566FAA00B6AA46 /* Debug */,
				615BEAAD20566FAA00B6AA46 /* Release */,
			);
			defaultConfigurationIsVisible = 0;
			defaultConfigurationName = Release;
		};
		615BEAAE20566FAA00B6AA46 /* Build configuration list for PBXNativeTarget "SwiftRouter" */ = {
			isa = XCConfigurationList;
			buildConfigurations = (
				615BEAAF20566FAA00B6AA46 /* Debug */,
				615BEAB020566FAA00B6AA46 /* Release */,
			);
			defaultConfigurationIsVisible = 0;
			defaultConfigurationName = Release;
		};
/* End XCConfigurationList section */
	};
	rootObject = 615BEA9420566FAA00B6AA46 /* Project object */;
}
