// !$*UTF8*$!
{
	archiveVersion = 1;
	classes = {
	};
	objectVersion = 48;
	objects = {

/* Begin PBXBuildFile section */
		615BEAA020566FAA00B6AA46 /* AppDelegate.swift in Sources */ = {isa = PBXBuildFile; fileRef = 615BEA9F20566FAA00B6AA46 /* AppDelegate.swift */; };
		615BEAA220566FAA00B6AA46 /* ViewController.swift in Sources */ = {isa = PBXBuildFile; fileRef = 615BEAA120566FAA00B6AA46 /* ViewController.swift */; };
		615BEAA520566FAA00B6AA46 /* Main.storyboard in Resources */ = {isa = PBXBuildFile; fileRef = 615BEAA320566FAA00B6AA46 /* Main.storyboard */; };
		615BEAA720566FAA00B6AA46 /* Assets.xcassets in Resources */ = {isa = PBXBuildFile; fileRef = 615BEAA620566FAA00B6AA46 /* Assets.xcassets */; };
		615BEAAA20566FAA00B6AA46 /* LaunchScreen.storyboard in Resources */ = {isa = PBXBuildFile; fileRef = 615BEAA820566FAA00B6AA46 /* LaunchScreen.storyboard */; };
		615BEAB42056702900B6AA46 /* main.swift in Sources */ = {isa = PBXBuildFile; fileRef = 615BEAB32056702900B6AA46 /* main.swift */; };
		615BEAB62056720900B6AA46 /* APPController.swift in Sources */ = {isa = PBXBuildFile; fileRef = 615BEAB52056720900B6AA46 /* APPController.swift */; };
		615BEAB920567A1A00B6AA46 /* KATRouter.swift in Sources */ = {isa = PBXBuildFile; fileRef = 615BEAB820567A1A00B6AA46 /* KATRouter.swift */; };
		615BEABB2057594300B6AA46 /* KATNavTransition.swift in Sources */ = {isa = PBXBuildFile; fileRef = 615BEABA2057594200B6AA46 /* KATNavTransition.swift */; };
		61862DE02057600C0003CBE0 /* KATMacros.swift in Sources */ = {isa = PBXBuildFile; fileRef = 61862DDF2057600C0003CBE0 /* KATMacros.swift */; };
/* End PBXBuildFile section */

/* Begin PBXFileReference section */
		615BEA9C20566FAA00B6AA46 /* SwiftRouter.app */ = {isa = PBXFileReference; explicitFileType = wrapper.application; includeInIndex = 0; path = SwiftRouter.app; sourceTree = BUILT_PRODUCTS_DIR; };
		615BEA9F20566FAA00B6AA46 /* AppDelegate.swift */ = {isa = PBXFileReference; lastKnownFileType = sourcecode.swift; path = AppDelegate.swift; sourceTree = "<group>"; };
		615BEAA120566FAA00B6AA46 /* ViewController.swift */ = {isa = PBXFileReference; lastKnownFileType = sourcecode.swift; path = ViewController.swift; sourceTree = "<group>"; };
		615BEAA420566FAA00B6AA46 /* Base */ = {isa = PBXFileReference; lastKnownFileType = file.storyboard; name = Base; path = Base.lproj/Main.storyboard; sourceTree = "<group>"; };
		615BEAA620566FAA00B6AA46 /* Assets.xcassets */ = {isa = PBXFileReference; lastKnownFileType = folder.assetcatalog; path = Assets.xcassets; sourceTree = "<group>"; };
		615BEAA920566FAA00B6AA46 /* Base */ = {isa = PBXFileReference; lastKnownFileType = file.storyboard; name = Base; path = Base.lproj/LaunchScreen.storyboard; sourceTree = "<group>"; };
		615BEAAB20566FAA00B6AA46 /* Info.plist */ = {isa = PBXFileReference; lastKnownFileType = text.plist.xml; path = Info.plist; sourceTree = "<group>"; };
		615BEAB32056702900B6AA46 /* main.swift */ = {isa = PBXFileReference; lastKnownFileType = sourcecode.swift; path = main.swift; sourceTree = "<group>"; };
		615BEAB52056720900B6AA46 /* APPController.swift */ = {isa = PBXFileReference; lastKnownFileType = sourcecode.swift; path = APPController.swift; sourceTree = "<group>"; };
		615BEAB820567A1A00B6AA46 /* KATRouter.swift */ = {isa = PBXFileReference; lastKnownFileType = sourcecode.swift; path = KATRouter.swift; sourceTree = "<group>"; };
		615BEABA2057594200B6AA46 /* KATNavTransition.swift */ = {isa = PBXFileReference; lastKnownFileType = sourcecode.swift; path = KATNavTransition.swift; sourceTree = "<group>"; };
		61862DDF2057600C0003CBE0 /* KATMacros.swift */ = {isa = PBXFileReference; lastKnownFileType = sourcecode.swift; path = KATMacros.swift; sourceTree = "<group>"; };
/* End PBXFileReference section */

/* Begin PBXFrameworksBuildPhase section */
		615BEA9920566FAA00B6AA46 /* Frameworks */ = {
			isa = PBXFrameworksBuildPhase;
			buildActionMask = 2147483647;
			files = (
			);
			runOnlyForDeploymentPostprocessing = 0;
		};
/* End PBXFrameworksBuildPhase section */

/* Begin PBXGroup section */
		615BEA9320566FAA00B6AA46 = {
			isa = PBXGroup;
			children = (
				615BEA9E20566FAA00B6AA46 /* SwiftRouter */,
				615BEA9D20566FAA00B6AA46 /* Products */,
			);
			sourceTree = "<group>";
		};
		615BEA9D20566FAA00B6AA46 /* Products */ = {
			isa = PBXGroup;
			children = (
				615BEA9C20566FAA00B6AA46 /* SwiftRouter.app */,
			);
			name = Products;
			sourceTree = "<group>";
		};
		615BEA9E20566FAA00B6AA46 /* SwiftRouter */ = {
			isa = PBXGroup;
			children = (
				615BEAB720567A0700B6AA46 /* Router */,
				615BEA9F20566FAA00B6AA46 /* AppDelegate.swift */,
				615BEAA120566FAA00B6AA46 /* ViewController.swift */,
				615BEAB32056702900B6AA46 /* main.swift */,
				615BEAB52056720900B6AA46 /* APPController.swift */,
				615BEAA320566FAA00B6AA46 /* Main.storyboard */,
				615BEAA620566FAA00B6AA46 /* Assets.xcassets */,
				615BEAA820566FAA00B6AA46 /* LaunchScreen.storyboard */,
				615BEAAB20566FAA00B6AA46 /* Info.plist */,
			);
			path = SwiftRouter;
			sourceTree = "<group>";
		};
		615BEAB720567A0700B6AA46 /* Router */ = {
			isa = PBXGroup;
			children = (
				61862DDF2057600C0003CBE0 /* KATMacros.swift */,
				615BEAB820567A1A00B6AA46 /* KATRouter.swift */,
				615BEABA2057594200B6AA46 /* KATNavTransition.swift */,
			);
			path = Router;
			sourceTree = "<group>";
		};
/* End PBXGroup section */

/* Begin PBXNativeTarget section */
		615BEA9B20566FAA00B6AA46 /* SwiftRouter */ = {
			isa = PBXNativeTarget;
			buildConfigurationList = 615BEAAE20566FAA00B6AA46 /* Build configuration list for PBXNativeTarget "SwiftRouter" */;
			buildPhases = (
				615BEA9820566FAA00B6AA46 /* Sources */,
				615BEA9920566FAA00B6AA46 /* Frameworks */,
				615BEA9A20566FAA00B6AA46 /* Resources */,
			);
			buildRules = (
			);
			dependencies = (
			);
			name = SwiftRouter;
			productName = SwiftRouter;
			productReference = 615BEA9C20566FAA00B6AA46 /* SwiftRouter.app */;
			productType = "com.apple.product-type.application";
		};
/* End PBXNativeTarget section */

/* Begin PBXProject section */
		615BEA9420566FAA00B6AA46 /* Project object */ = {
			isa = PBXProject;
			attributes = {
				LastSwiftUpdateCheck = 0920;
				LastUpgradeCheck = 0920;
				ORGANIZATIONNAME = "吕陈强";
				TargetAttributes = {
					615BEA9B20566FAA00B6AA46 = {
						CreatedOnToolsVersion = 9.2;
						ProvisioningStyle = Automatic;
					};
				};
			};
			buildConfigurationList = 615BEA9720566FAA00B6AA46 /* Build configuration list for PBXProject "SwiftRouter" */;
			compatibilityVersion = "Xcode 8.0";
			developmentRegion = en;
			hasScannedForEncodings = 0;
			knownRegions = (
				en,
				Base,
			);
			mainGroup = 615BEA9320566FAA00B6AA46;
			productRefGroup = 615BEA9D20566FAA00B6AA46 /* Products */;
			projectDirPath = "";
			projectRoot = "";
			targets = (
				615BEA9B20566FAA00B6AA46 /* SwiftRouter */,
			);
		};
/* End PBXProject section */

/* Begin PBXResourcesBuildPhase section */
		615BEA9A20566FAA00B6AA46 /* Resources */ = {
			isa = PBXResourcesBuildPhase;
			buildActionMask = 2147483647;
			files = (
				615BEAAA20566FAA00B6AA46 /* LaunchScreen.storyboard in Resources */,
				615BEAA720566FAA00B6AA46 /* Assets.xcassets in Resources */,
				615BEAA520566FAA00B6AA46 /* Main.storyboard in Resources */,
			);
			runOnlyForDeploymentPostprocessing = 0;
		};
/* End PBXResourcesBuildPhase section */

/* Begin PBXSourcesBuildPhase section */
		615BEA9820566FAA00B6AA46 /* Sources */ = {
			isa = PBXSourcesBuildPhase;
			buildActionMask = 2147483647;
			files = (
				615BEAA220566FAA00B6AA46 /* ViewController.swift in Sources */,
				615BEAA020566FAA00B6AA46 /* AppDelegate.swift in Sources */,
				615BEAB42056702900B6AA46 /* main.swift in Sources */,
				615BEAB62056720900B6AA46 /* APPController.swift in Sources */,
				615BEAB920567A1A00B6AA46 /* KATRouter.swift in Sources */,
				61862DE02057600C0003CBE0 /* KATMacros.swift in Sources */,
				615BEABB2057594300B6AA46 /* KATNavTransition.swift in Sources */,
			);
			runOnlyForDeploymentPostprocessing = 0;
		};
/* End PBXSourcesBuildPhase section */

/* Begin PBXVariantGroup section */
		615BEAA320566FAA00B6AA46 /* Main.storyboard */ = {
			isa = PBXVariantGroup;
			children = (
				615BEAA420566FAA00B6AA46 /* Base */,
			);
			name = Main.storyboard;
			sourceTree = "<group>";
		};
		615BEAA820566FAA00B6AA46 /* LaunchScreen.storyboard */ = {
			isa = PBXVariantGroup;
			children = (
				615BEAA920566FAA00B6AA46 /* Base */,
			);
			name = LaunchScreen.storyboard;
			sourceTree = "<group>";
		};
/* End PBXVariantGroup section */

/* Begin XCBuildConfiguration section */
		615BEAAC20566FAA00B6AA46 /* Debug */ = {
			isa = XCBuildConfiguration;
			buildSettings = {
				ALWAYS_SEARCH_USER_PATHS = NO;
				CLANG_ANALYZER_NONNULL = YES;
				CLANG_ANALYZER_NUMBER_OBJECT_CONVERSION = YES_AGGRESSIVE;
				CLANG_CXX_LANGUAGE_STANDARD = "gnu++14";
				CLANG_CXX_LIBRARY = "libc++";
				CLANG_ENABLE_MODULES = YES;
				CLANG_ENABLE_OBJC_ARC = YES;
				CLANG_WARN_BLOCK_CAPTURE_AUTORELEASING = YES;
				CLANG_WARN_BOOL_CONVERSION = YES;
				CLANG_WARN_COMMA = YES;
				CLANG_WARN_CONSTANT_CONVERSION = YES;
				CLANG_WARN_DIRECT_OBJC_ISA_USAGE = YES_ERROR;
				CLANG_WARN_DOCUMENTATION_COMMENTS = YES;
				CLANG_WARN_EMPTY_BODY = YES;
				CLANG_WARN_ENUM_CONVERSION = YES;
				CLANG_WARN_INFINITE_RECURSION = YES;
				CLANG_WARN_INT_CONVERSION = YES;
				CLANG_WARN_NON_LITERAL_NULL_CONVERSION = YES;
				CLANG_WARN_OBJC_LITERAL_CONVERSION = YES;
				CLANG_WARN_OBJC_ROOT_CLASS = YES_ERROR;
				CLANG_WARN_RANGE_LOOP_ANALYSIS = YES;
				CLANG_WARN_STRICT_PROTOTYPES = YES;
				CLANG_WARN_SUSPICIOUS_MOVE = YES;
				CLANG_WARN_UNGUARDED_AVAILABILITY = YES_AGGRESSIVE;
				CLANG_WARN_UNREACHABLE_CODE = YES;
				CLANG_WARN__DUPLICATE_METHOD_MATCH = YES;
				CODE_SIGN_IDENTITY = "iPhone Developer";
				COPY_PHASE_STRIP = NO;
				DEBUG_INFORMATION_FORMAT = dwarf;
				ENABLE_STRICT_OBJC_MSGSEND = YES;
				ENABLE_TESTABILITY = YES;
				GCC_C_LANGUAGE_STANDARD = gnu11;
				GCC_DYNAMIC_NO_PIC = NO;
				GCC_NO_COMMON_BLOCKS = YES;
				GCC_OPTIMIZATION_LEVEL = 0;
				GCC_PREPROCESSOR_DEFINITIONS = (
					"DEBUG=1",
					"$(inherited)",
				);
				GCC_WARN_64_TO_32_BIT_CONVERSION = YES;
				GCC_WARN_ABOUT_RETURN_TYPE = YES_ERROR;
				GCC_WARN_UNDECLARED_SELECTOR = YES;
				GCC_WARN_UNINITIALIZED_AUTOS = YES_AGGRESSIVE;
				GCC_WARN_UNUSED_FUNCTION = YES;
				GCC_WARN_UNUSED_VARIABLE = YES;
				IPHONEOS_DEPLOYMENT_TARGET = 11.2;
				MTL_ENABLE_DEBUG_INFO = YES;
				ONLY_ACTIVE_ARCH = YES;
				SDKROOT = iphoneos;
				SWIFT_ACTIVE_COMPILATION_CONDITIONS = DEBUG;
				SWIFT_OPTIMIZATION_LEVEL = "-Onone";
			};
			name = Debug;
		};
		615BEAAD20566FAA00B6AA46 /* Release */ = {
			isa = XCBuildConfiguration;
			buildSettings = {
				ALWAYS_SEARCH_USER_PATHS = NO;
				CLANG_ANALYZER_NONNULL = YES;
				CLANG_ANALYZER_NUMBER_OBJECT_CONVERSION = YES_AGGRESSIVE;
				CLANG_CXX_LANGUAGE_STANDARD = "gnu++14";
				CLANG_CXX_LIBRARY = "libc++";
				CLANG_ENABLE_MODULES = YES;
				CLANG_ENABLE_OBJC_ARC = YES;
				CLANG_WARN_BLOCK_CAPTURE_AUTORELEASING = YES;
				CLANG_WARN_BOOL_CONVERSION = YES;
				CLANG_WARN_COMMA = YES;
				CLANG_WARN_CONSTANT_CONVERSION = YES;
				CLANG_WARN_DIRECT_OBJC_ISA_USAGE = YES_ERROR;
				CLANG_WARN_DOCUMENTATION_COMMENTS = YES;
				CLANG_WARN_EMPTY_BODY = YES;
				CLANG_WARN_ENUM_CONVERSION = YES;
				CLANG_WARN_INFINITE_RECURSION = YES;
				CLANG_WARN_INT_CONVERSION = YES;
				CLANG_WARN_NON_LITERAL_NULL_CONVERSION = YES;
				CLANG_WARN_OBJC_LITERAL_CONVERSION = YES;
				CLANG_WARN_OBJC_ROOT_CLASS = YES_ERROR;
				CLANG_WARN_RANGE_LOOP_ANALYSIS = YES;
				CLANG_WARN_STRICT_PROTOTYPES = YES;
				CLANG_WARN_SUSPICIOUS_MOVE = YES;
				CLANG_WARN_UNGUARDED_AVAILABILITY = YES_AGGRESSIVE;
				CLANG_WARN_UNREACHABLE_CODE = YES;
				CLANG_WARN__DUPLICATE_METHOD_MATCH = YES;
				CODE_SIGN_IDENTITY = "iPhone Developer";
				COPY_PHASE_STRIP = NO;
				DEBUG_INFORMATION_FORMAT = "dwarf-with-dsym";
				ENABLE_NS_ASSERTIONS = NO;
				ENABLE_STRICT_OBJC_MSGSEND = YES;
				GCC_C_LANGUAGE_STANDARD = gnu11;
				GCC_NO_COMMON_BLOCKS = YES;
				GCC_WARN_64_TO_32_BIT_CONVERSION = YES;
				GCC_WARN_ABOUT_RETURN_TYPE = YES_ERROR;
				GCC_WARN_UNDECLARED_SELECTOR = YES;
				GCC_WARN_UNINITIALIZED_AUTOS = YES_AGGRESSIVE;
				GCC_WARN_UNUSED_FUNCTION = YES;
				GCC_WARN_UNUSED_VARIABLE = YES;
				IPHONEOS_DEPLOYMENT_TARGET = 11.2;
				MTL_ENABLE_DEBUG_INFO = NO;
				SDKROOT = iphoneos;
				SWIFT_OPTIMIZATION_LEVEL = "-Owholemodule";
				VALIDATE_PRODUCT = YES;
			};
			name = Release;
		};
		615BEAAF20566FAA00B6AA46 /* Debug */ = {
			isa = XCBuildConfiguration;
			buildSettings = {
				ASSETCATALOG_COMPILER_APPICON_NAME = AppIcon;
				CODE_SIGN_STYLE = Automatic;
				DEVELOPMENT_TEAM = V52PJZH3D9;
				INFOPLIST_FILE = SwiftRouter/Info.plist;
				LD_RUNPATH_SEARCH_PATHS = "$(inherited) @executable_path/Frameworks";
				PRODUCT_BUNDLE_IDENTIFIER = com.tensuns.SwiftRouter;
				PRODUCT_NAME = "$(TARGET_NAME)";
				SWIFT_VERSION = 4.0;
				TARGETED_DEVICE_FAMILY = "1,2";
			};
			name = Debug;
		};
		615BEAB020566FAA00B6AA46 /* Release */ = {
			isa = XCBuildConfiguration;
			buildSettings = {
				ASSETCATALOG_COMPILER_APPICON_NAME = AppIcon;
				CODE_SIGN_STYLE = Automatic;
				DEVELOPMENT_TEAM = V52PJZH3D9;
				INFOPLIST_FILE = SwiftRouter/Info.plist;
				LD_RUNPATH_SEARCH_PATHS = "$(inherited) @executable_path/Frameworks";
				PRODUCT_BUNDLE_IDENTIFIER = com.tensuns.SwiftRouter;
				PRODUCT_NAME = "$(TARGET_NAME)";
				SWIFT_VERSION = 4.0;
				TARGETED_DEVICE_FAMILY = "1,2";
			};
			name = Release;
		};
/* End XCBuildConfiguration section */

/* Begin XCConfigurationList section */
		615BEA9720566FAA00B6AA46 /* Build configuration list for PBXProject "SwiftRouter" */ = {
			isa = XCConfigurationList;
			buildConfigurations = (
				615BEAAC20566FAA00B6AA46 /* Debug */,
				615BEAAD20566FAA00B6AA46 /* Release */,
			);
			defaultConfigurationIsVisible = 0;
			defaultConfigurationName = Release;
		};
		615BEAAE20566FAA00B6AA46 /* Build configuration list for PBXNativeTarget "SwiftRouter" */ = {
			isa = XCConfigurationList;
			buildConfigurations = (
				615BEAAF20566FAA00B6AA46 /* Debug */,
				615BEAB020566FAA00B6AA46 /* Release */,
			);
			defaultConfigurationIsVisible = 0;
			defaultConfigurationName = Release;
		};
/* End XCConfigurationList section */
	};
	rootObject = 615BEA9420566FAA00B6AA46 /* Project object */;
}
